# @generated by Move, please check-in and do not edit manually.

[move]
version = 3
manifest_digest = "C518C084C56FF74E13884F6F5EF1E684015B060ABA330D4DC422E0AD6B229FB4"
deps_digest = "F8BBB0CCB2491CA29A3DF03D6F92277A4F3574266507ACD77214D37ECA3F3082"
dependencies = [
  { id = "Sui", name = "Sui" },
]

[[move.package]]
id = "MoveStdlib"
source = { git = "https://github.com/MystenLabs/sui.git", rev = "mainnet", subdir = "crates/sui-framework/packages/move-stdlib" }

[[move.package]]
id = "Sui"
source = { git = "https://github.com/MystenLabs/sui.git", rev = "mainnet", subdir = "crates/sui-framework/packages/sui-framework" }

dependencies = [
  { id = "MoveStdlib", name = "MoveStdlib" },
]

[move.toolchain-version]
compiler-version = "1.54.2"
edition = "2024.beta"
flavor = "sui"

[env]

[env.testnet]
chain-id = "4c78adac"
original-published-id = "0x1db5ee3c5869c943f3b254b71c0636fa42d5732c6dfbebef920468104643e217"
latest-published-id = "0x1db5ee3c5869c943f3b254b71c0636fa42d5732c6dfbebef920468104643e217"
published-version = "1"

[env.mainnet]
chain-id = "35834a8a"
original-published-id = "0xff4982cd449809676699d1a52c5562fc15b9b92cb41bde5f8845a14647186704"
latest-published-id = "0x1b4cbd991bb7e31ff60b6685bcfef6c9c724bc04a6daabb7c815eae0213001ea"
published-version = "2"
